
Microsoft Visual Studio Solution File, Format Version 12.00
# Visual Studio Version 17
VisualStudioVersion = 17.2.32630.192
MinimumVisualStudioVersion = 10.0.40219.1
Project("{9A19103F-16F7-4668-BE54-9A1E7A4F7556}") = "TweetApp", "TweetApp\TweetApp.csproj", "{450FFA52-3EB0-49E4-88A5-8221E07102C5}"
EndProject
Project("{9A19103F-16F7-4668-BE54-9A1E7A4F7556}") = "TweetAppTest", "TweetAppTest\TweetAppTest.csproj", "{48B98BCE-1AB2-4132-91FA-7725E6FC664C}"
EndProject
Global
	GlobalSection(SolutionConfigurationPlatforms) = preSolution
		Debug|Any CPU = Debug|Any CPU
		Release|Any CPU = Release|Any CPU
	EndGlobalSection
	GlobalSection(ProjectConfigurationPlatforms) = postSolution
		{450FFA52-3EB0-49E4-88A5-8221E07102C5}.Debug|Any CPU.ActiveCfg = Debug|Any CPU
		{450FFA52-3EB0-49E4-88A5-8221E07102C5}.Debug|Any CPU.Build.0 = Debug|Any CPU
		{450FFA52-3EB0-49E4-88A5-8221E07102C5}.Release|Any CPU.ActiveCfg = Release|Any CPU
		{450FFA52-3EB0-49E4-88A5-8221E07102C5}.Release|Any CPU.Build.0 = Release|Any CPU
		{48B98BCE-1AB2-4132-91FA-7725E6FC664C}.Debug|Any CPU.ActiveCfg = Debug|Any CPU
		{48B98BCE-1AB2-4132-91FA-7725E6FC664C}.Debug|Any CPU.Build.0 = Debug|Any CPU
		{48B98BCE-1AB2-4132-91FA-7725E6FC664C}.Release|Any CPU.ActiveCfg = Release|Any CPU
		{48B98BCE-1AB2-4132-91FA-7725E6FC664C}.Release|Any CPU.Build.0 = Release|Any CPU
	EndGlobalSection
	GlobalSection(SolutionProperties) = preSolution
		HideSolutionNode = FALSE
	EndGlobalSection
	GlobalSection(ExtensibilityGlobals) = postSolution
		SolutionGuid = {3B1C7A4D-7B18-479B-8B05-D5E3F7AA8C69}
	EndGlobalSection
EndGlobal
